
Microsoft Visual Studio Solution File, Format Version 12.00
# Visual Studio Version 16
VisualStudioVersion = 16.0.29911.84
MinimumVisualStudioVersion = 10.0.40219.1
Project("{FAE04EC0-301F-11D3-BF4B-00C04F79EFBC}") = "PerfectNumberGenerator", "PerfectNumberGenerator\PerfectNumberGenerator.csproj", "{7A6F7512-276F-4875-AF9F-FAC988AEBAB1}"
EndProject
Global
	GlobalSection(SolutionConfigurationPlatforms) = preSolution
		Debug|Any CPU = Debug|Any CPU
		Release|Any CPU = Release|Any CPU
	EndGlobalSection
	GlobalSection(ProjectConfigurationPlatforms) = postSolution
		{7A6F7512-276F-4875-AF9F-FAC988AEBAB1}.Debug|Any CPU.ActiveCfg = Debug|Any CPU
		{7A6F7512-276F-4875-AF9F-FAC988AEBAB1}.Debug|Any CPU.Build.0 = Debug|Any CPU
		{7A6F7512-276F-4875-AF9F-FAC988AEBAB1}.Release|Any CPU.ActiveCfg = Release|Any CPU
		{7A6F7512-276F-4875-AF9F-FAC988AEBAB1}.Release|Any CPU.Build.0 = Release|Any CPU
	EndGlobalSection
	GlobalSection(SolutionProperties) = preSolution
		HideSolutionNode = FALSE
	EndGlobalSection
	GlobalSection(ExtensibilityGlobals) = postSolution
		SolutionGuid = {6325DC8B-4350-47F9-BE62-5C53A8DBE41E}
	EndGlobalSection
EndGlobal
